
Microsoft Visual Studio Solution File, Format Version 12.00
# Visual Studio 15
VisualStudioVersion = 15.0.28010.2026
MinimumVisualStudioVersion = 10.0.40219.1
Project("{9A19103F-16F7-4668-BE54-9A1E7A4F7556}") = "BSharpUnilever", "BSharpUnilever\BSharpUnilever.csproj", "{D46E7F76-3F00-4690-BBFF-EB4BBB2EF89F}"
EndProject
Global
	GlobalSection(SolutionConfigurationPlatforms) = preSolution
		Debug|Any CPU = Debug|Any CPU
		Release|Any CPU = Release|Any CPU
	EndGlobalSection
	GlobalSection(ProjectConfigurationPlatforms) = postSolution
		{D46E7F76-3F00-4690-BBFF-EB4BBB2EF89F}.Debug|Any CPU.ActiveCfg = Debug|Any CPU
		{D46E7F76-3F00-4690-BBFF-EB4BBB2EF89F}.Debug|Any CPU.Build.0 = Debug|Any CPU
		{D46E7F76-3F00-4690-BBFF-EB4BBB2EF89F}.Release|Any CPU.ActiveCfg = Release|Any CPU
		{D46E7F76-3F00-4690-BBFF-EB4BBB2EF89F}.Release|Any CPU.Build.0 = Release|Any CPU
	EndGlobalSection
	GlobalSection(SolutionProperties) = preSolution
		HideSolutionNode = FALSE
	EndGlobalSection
	GlobalSection(ExtensibilityGlobals) = postSolution
		SolutionGuid = {BAC02872-E3A0-468A-A85F-C78F78FE5FE5}
	EndGlobalSection
EndGlobal
